
Microsoft Visual Studio Solution File, Format Version 12.00
# Visual Studio 15
VisualStudioVersion = 15.0.28307.852
MinimumVisualStudioVersion = 10.0.40219.1
Project("{FAE04EC0-301F-11D3-BF4B-00C04F79EFBC}") = "NcDatabaseToSQL", "NcDatabaseToSQL\NcDatabaseToSQL.csproj", "{42051637-3669-481E-90EB-004FDD5EEAC5}"
EndProject
Global
	GlobalSection(SolutionConfigurationPlatforms) = preSolution
		Debug|Any CPU = Debug|Any CPU
		Release|Any CPU = Release|Any CPU
	EndGlobalSection
	GlobalSection(ProjectConfigurationPlatforms) = postSolution
		{42051637-3669-481E-90EB-004FDD5EEAC5}.Debug|Any CPU.ActiveCfg = Debug|Any CPU
		{42051637-3669-481E-90EB-004FDD5EEAC5}.Debug|Any CPU.Build.0 = Debug|Any CPU
		{42051637-3669-481E-90EB-004FDD5EEAC5}.Release|Any CPU.ActiveCfg = Release|Any CPU
		{42051637-3669-481E-90EB-004FDD5EEAC5}.Release|Any CPU.Build.0 = Release|Any CPU
	EndGlobalSection
	GlobalSection(SolutionProperties) = preSolution
		HideSolutionNode = FALSE
	EndGlobalSection
	GlobalSection(ExtensibilityGlobals) = postSolution
		SolutionGuid = {290656E7-1193-4330-8733-6C7C37A67B07}
	EndGlobalSection
EndGlobal
